// !$*UTF8*$!
{
	archiveVersion = 1;
	classes = {
	};
	objectVersion = 55;
	objects = {

/* Begin PBXBuildFile section */
		EF20F8852801FDCD00895DCE /* SDWebImage in Frameworks */ = {isa = PBXBuildFile; productRef = EF20F8842801FDCD00895DCE /* SDWebImage */; };
		EF20F8892802285500895DCE /* RealmStorage.swift in Sources */ = {isa = PBXBuildFile; fileRef = EF20F8882802285500895DCE /* RealmStorage.swift */; };
		EF20F88C28022AB300895DCE /* Realm in Frameworks */ = {isa = PBXBuildFile; productRef = EF20F88B28022AB300895DCE /* Realm */; };
		EF20F88E28022AB300895DCE /* RealmSwift in Frameworks */ = {isa = PBXBuildFile; productRef = EF20F88D28022AB300895DCE /* RealmSwift */; };
		EF20F8902802307600895DCE /* Movie+Realm.swift in Sources */ = {isa = PBXBuildFile; fileRef = EF20F88F2802307600895DCE /* Movie+Realm.swift */; };
		EF20F89A2804ECD700895DCE /* MainTabBarController.swift in Sources */ = {isa = PBXBuildFile; fileRef = EF20F8982804ECD700895DCE /* MainTabBarController.swift */; };
		EF20F89B2804ECD700895DCE /* AppTab.swift in Sources */ = {isa = PBXBuildFile; fileRef = EF20F8992804ECD700895DCE /* AppTab.swift */; };
		EF20F89D2804FC6800895DCE /* AppCoordinator.swift in Sources */ = {isa = PBXBuildFile; fileRef = EF20F89C2804FC6800895DCE /* AppCoordinator.swift */; };
		EF20F8A22804FF6100895DCE /* FavoritesViewController.swift in Sources */ = {isa = PBXBuildFile; fileRef = EF20F8A12804FF6100895DCE /* FavoritesViewController.swift */; };
		EF20F8A42804FF6A00895DCE /* FavoritesViewModel.swift in Sources */ = {isa = PBXBuildFile; fileRef = EF20F8A32804FF6A00895DCE /* FavoritesViewModel.swift */; };
		EF595FD228062C3B0061288A /* DetailsViewController.swift in Sources */ = {isa = PBXBuildFile; fileRef = EF595FD128062C3B0061288A /* DetailsViewController.swift */; };
		EF595FD628062E6A0061288A /* DetailsViewModel.swift in Sources */ = {isa = PBXBuildFile; fileRef = EF595FD528062E6A0061288A /* DetailsViewModel.swift */; };
		EF96920627FF75E000F8B70F /* AppDelegate.swift in Sources */ = {isa = PBXBuildFile; fileRef = EF96920527FF75E000F8B70F /* AppDelegate.swift */; };
		EF96920A27FF75E000F8B70F /* MoviesHomeViewController.swift in Sources */ = {isa = PBXBuildFile; fileRef = EF96920927FF75E000F8B70F /* MoviesHomeViewController.swift */; };
		EF96920F27FF75E200F8B70F /* Assets.xcassets in Resources */ = {isa = PBXBuildFile; fileRef = EF96920E27FF75E200F8B70F /* Assets.xcassets */; };
		EF96921227FF75E200F8B70F /* LaunchScreen.storyboard in Resources */ = {isa = PBXBuildFile; fileRef = EF96921027FF75E200F8B70F /* LaunchScreen.storyboard */; };
		EF96921A27FF77EA00F8B70F /* Constants.swift in Sources */ = {isa = PBXBuildFile; fileRef = EF96921927FF77EA00F8B70F /* Constants.swift */; };
		EF96921C27FF782300F8B70F /* UIColor+Helper.swift in Sources */ = {isa = PBXBuildFile; fileRef = EF96921B27FF782300F8B70F /* UIColor+Helper.swift */; };
		EF96921E27FF78A000F8B70F /* UIViewController+Helpers.swift in Sources */ = {isa = PBXBuildFile; fileRef = EF96921D27FF78A000F8B70F /* UIViewController+Helpers.swift */; };
		EF96922327FF793C00F8B70F /* UICollectionView+Helpers.swift in Sources */ = {isa = PBXBuildFile; fileRef = EF96922227FF793C00F8B70F /* UICollectionView+Helpers.swift */; };
		EF96922527FF795A00F8B70F /* NSObject+Helpers.swift in Sources */ = {isa = PBXBuildFile; fileRef = EF96922427FF795A00F8B70F /* NSObject+Helpers.swift */; };
		EF96922727FF7A0100F8B70F /* GenericCollectionViewCell.swift in Sources */ = {isa = PBXBuildFile; fileRef = EF96922627FF7A0100F8B70F /* GenericCollectionViewCell.swift */; };
		EF96922927FF7AB000F8B70F /* MovieCardView.swift in Sources */ = {isa = PBXBuildFile; fileRef = EF96922827FF7AB000F8B70F /* MovieCardView.swift */; };
		EF96922B27FF7B8B00F8B70F /* Constraints+Helpers.swift in Sources */ = {isa = PBXBuildFile; fileRef = EF96922A27FF7B8B00F8B70F /* Constraints+Helpers.swift */; };
		EF96922D27FF7C3D00F8B70F /* Font+Helpers.swift in Sources */ = {isa = PBXBuildFile; fileRef = EF96922C27FF7C3D00F8B70F /* Font+Helpers.swift */; };
		EF96922F27FF7C6300F8B70F /* UIImage+Helpers.swift in Sources */ = {isa = PBXBuildFile; fileRef = EF96922E27FF7C6300F8B70F /* UIImage+Helpers.swift */; };
		EF96923127FF7CCC00F8B70F /* UIView+Helpers.swift in Sources */ = {isa = PBXBuildFile; fileRef = EF96923027FF7CCC00F8B70F /* UIView+Helpers.swift */; };
		EF96923527FF7E4600F8B70F /* Movie.swift in Sources */ = {isa = PBXBuildFile; fileRef = EF96923427FF7E4600F8B70F /* Movie.swift */; };
		EF96925227FF867800F8B70F /* BehaviorSubject.swift in Sources */ = {isa = PBXBuildFile; fileRef = EF96924927FF867800F8B70F /* BehaviorSubject.swift */; };
		EF96925327FF867800F8B70F /* Observer.swift in Sources */ = {isa = PBXBuildFile; fileRef = EF96924A27FF867800F8B70F /* Observer.swift */; };
		EF96925427FF867800F8B70F /* PublishSubject.swift in Sources */ = {isa = PBXBuildFile; fileRef = EF96924B27FF867800F8B70F /* PublishSubject.swift */; };
		EF96925527FF867800F8B70F /* DisposeBase.swift in Sources */ = {isa = PBXBuildFile; fileRef = EF96924D27FF867800F8B70F /* DisposeBase.swift */; };
		EF96925627FF867800F8B70F /* DisposeBag.swift in Sources */ = {isa = PBXBuildFile; fileRef = EF96924E27FF867800F8B70F /* DisposeBag.swift */; };
		EF96925727FF867800F8B70F /* Disposable.swift in Sources */ = {isa = PBXBuildFile; fileRef = EF96924F27FF867800F8B70F /* Disposable.swift */; };
		EF96925827FF867800F8B70F /* Observable.swift in Sources */ = {isa = PBXBuildFile; fileRef = EF96925027FF867800F8B70F /* Observable.swift */; };
		EF96925927FF867800F8B70F /* ObservationToken.swift in Sources */ = {isa = PBXBuildFile; fileRef = EF96925127FF867800F8B70F /* ObservationToken.swift */; };
		EF96925D27FF88AC00F8B70F /* ViewModel.swift in Sources */ = {isa = PBXBuildFile; fileRef = EF96925B27FF88AC00F8B70F /* ViewModel.swift */; };
		EF96925E27FF88AC00F8B70F /* State.swift in Sources */ = {isa = PBXBuildFile; fileRef = EF96925C27FF88AC00F8B70F /* State.swift */; };
		EF96926227FF88DC00F8B70F /* MoviesStore.swift in Sources */ = {isa = PBXBuildFile; fileRef = EF96926027FF88DC00F8B70F /* MoviesStore.swift */; };
		EF96926327FF88DC00F8B70F /* MoviesStoreProtocol.swift in Sources */ = {isa = PBXBuildFile; fileRef = EF96926127FF88DC00F8B70F /* MoviesStoreProtocol.swift */; };
		EF96926B27FF8AF400F8B70F /* MovieDBAPI.swift in Sources */ = {isa = PBXBuildFile; fileRef = EF96926627FF8AF400F8B70F /* MovieDBAPI.swift */; };
		EF96926C27FF8AF400F8B70F /* URLRequestConvertible.swift in Sources */ = {isa = PBXBuildFile; fileRef = EF96926727FF8AF400F8B70F /* URLRequestConvertible.swift */; };
		EF96926D27FF8AF400F8B70F /* NetworkAPIClient.swift in Sources */ = {isa = PBXBuildFile; fileRef = EF96926827FF8AF400F8B70F /* NetworkAPIClient.swift */; };
		EF96926E27FF8AF400F8B70F /* APIEndPoint.swift in Sources */ = {isa = PBXBuildFile; fileRef = EF96926927FF8AF400F8B70F /* APIEndPoint.swift */; };
		EF96926F27FF8AF400F8B70F /* NetworkError.swift in Sources */ = {isa = PBXBuildFile; fileRef = EF96926A27FF8AF400F8B70F /* NetworkError.swift */; };
		EF96927127FF8BA300F8B70F /* MoviesListResponse.swift in Sources */ = {isa = PBXBuildFile; fileRef = EF96927027FF8BA300F8B70F /* MoviesListResponse.swift */; };
		EF96927627FF8D2000F8B70F /* MoviesHomeViewModel.swift in Sources */ = {isa = PBXBuildFile; fileRef = EF96927527FF8D2000F8B70F /* MoviesHomeViewModel.swift */; };
		EF96927B280089F900F8B70F /* BaseViewController.swift in Sources */ = {isa = PBXBuildFile; fileRef = EF96927A280089F900F8B70F /* BaseViewController.swift */; };
		EF96928A28008A6D00F8B70F /* ProgressViewType.swift in Sources */ = {isa = PBXBuildFile; fileRef = EF96927D28008A6D00F8B70F /* ProgressViewType.swift */; };
		EF96928B28008A6D00F8B70F /* ActionsFooterView.swift in Sources */ = {isa = PBXBuildFile; fileRef = EF96927F28008A6D00F8B70F /* ActionsFooterView.swift */; };
		EF96928C28008A6D00F8B70F /* ButtonAction.swift in Sources */ = {isa = PBXBuildFile; fileRef = EF96928028008A6D00F8B70F /* ButtonAction.swift */; };
		EF96928D28008A6D00F8B70F /* LoadingButton.swift in Sources */ = {isa = PBXBuildFile; fileRef = EF96928128008A6D00F8B70F /* LoadingButton.swift */; };
		EF96928E28008A6D00F8B70F /* ActionsFooterView.xib in Resources */ = {isa = PBXBuildFile; fileRef = EF96928228008A6D00F8B70F /* ActionsFooterView.xib */; };
		EF96929028008A6D00F8B70F /* StretchyTableHeaderView.swift in Sources */ = {isa = PBXBuildFile; fileRef = EF96928428008A6D00F8B70F /* StretchyTableHeaderView.swift */; };
		EF96929128008A6D00F8B70F /* UIViewController+ProgressViewable.swift in Sources */ = {isa = PBXBuildFile; fileRef = EF96928528008A6D00F8B70F /* UIViewController+ProgressViewable.swift */; };
		EF96929228008A6D00F8B70F /* InProgressView.swift in Sources */ = {isa = PBXBuildFile; fileRef = EF96928728008A6D00F8B70F /* InProgressView.swift */; };
		EF96929328008A6D00F8B70F /* InProgressView.xib in Resources */ = {isa = PBXBuildFile; fileRef = EF96928828008A6D00F8B70F /* InProgressView.xib */; };
		EF96929428008A6D00F8B70F /* ProgressViewable.swift in Sources */ = {isa = PBXBuildFile; fileRef = EF96928928008A6D00F8B70F /* ProgressViewable.swift */; };
		EF96929628008B0000F8B70F /* UIButton+Helpers.swift in Sources */ = {isa = PBXBuildFile; fileRef = EF96929528008B0000F8B70F /* UIButton+Helpers.swift */; };
		EF9692A028008B7300F8B70F /* UIFont+Helpers.swift in Sources */ = {isa = PBXBuildFile; fileRef = EF96929828008B7300F8B70F /* UIFont+Helpers.swift */; };
		EF9692A128008B7300F8B70F /* UIColor+SemanticColors.swift in Sources */ = {isa = PBXBuildFile; fileRef = EF96929928008B7300F8B70F /* UIColor+SemanticColors.swift */; };
		EF9692A228008B7300F8B70F /* ColorStudio.swift in Sources */ = {isa = PBXBuildFile; fileRef = EF96929A28008B7300F8B70F /* ColorStudio.swift */; };
		EF9692A328008B7300F8B70F /* UIFont+App.swift in Sources */ = {isa = PBXBuildFile; fileRef = EF96929B28008B7300F8B70F /* UIFont+App.swift */; };
		EF9692A428008B7300F8B70F /* Style.swift in Sources */ = {isa = PBXBuildFile; fileRef = EF96929C28008B7300F8B70F /* Style.swift */; };
		EF9692A528008B7300F8B70F /* UIColor+ColorStudio.swift in Sources */ = {isa = PBXBuildFile; fileRef = EF96929D28008B7300F8B70F /* UIColor+ColorStudio.swift */; };
		EF9692A628008B7300F8B70F /* UIColor+SystemColors.swift in Sources */ = {isa = PBXBuildFile; fileRef = EF96929E28008B7300F8B70F /* UIColor+SystemColors.swift */; };
		EF9692A728008B7300F8B70F /* UISettings.swift in Sources */ = {isa = PBXBuildFile; fileRef = EF96929F28008B7300F8B70F /* UISettings.swift */; };
/* End PBXBuildFile section */

/* Begin PBXFileReference section */
		EF20F8882802285500895DCE /* RealmStorage.swift */ = {isa = PBXFileReference; fileEncoding = 4; lastKnownFileType = sourcecode.swift; path = RealmStorage.swift; sourceTree = "<group>"; };
		EF20F88F2802307600895DCE /* Movie+Realm.swift */ = {isa = PBXFileReference; lastKnownFileType = sourcecode.swift; path = "Movie+Realm.swift"; sourceTree = "<group>"; };
		EF20F8982804ECD700895DCE /* MainTabBarController.swift */ = {isa = PBXFileReference; fileEncoding = 4; lastKnownFileType = sourcecode.swift; path = MainTabBarController.swift; sourceTree = "<group>"; };
		EF20F8992804ECD700895DCE /* AppTab.swift */ = {isa = PBXFileReference; fileEncoding = 4; lastKnownFileType = sourcecode.swift; path = AppTab.swift; sourceTree = "<group>"; };
		EF20F89C2804FC6800895DCE /* AppCoordinator.swift */ = {isa = PBXFileReference; fileEncoding = 4; lastKnownFileType = sourcecode.swift; path = AppCoordinator.swift; sourceTree = "<group>"; };
		EF20F8A12804FF6100895DCE /* FavoritesViewController.swift */ = {isa = PBXFileReference; lastKnownFileType = sourcecode.swift; path = FavoritesViewController.swift; sourceTree = "<group>"; };
		EF20F8A32804FF6A00895DCE /* FavoritesViewModel.swift */ = {isa = PBXFileReference; lastKnownFileType = sourcecode.swift; path = FavoritesViewModel.swift; sourceTree = "<group>"; };
		EF595FD128062C3B0061288A /* DetailsViewController.swift */ = {isa = PBXFileReference; lastKnownFileType = sourcecode.swift; path = DetailsViewController.swift; sourceTree = "<group>"; };
		EF595FD528062E6A0061288A /* DetailsViewModel.swift */ = {isa = PBXFileReference; lastKnownFileType = sourcecode.swift; path = DetailsViewModel.swift; sourceTree = "<group>"; };
		EF96920227FF75E000F8B70F /* MoviesHome.app */ = {isa = PBXFileReference; explicitFileType = wrapper.application; includeInIndex = 0; path = MoviesHome.app; sourceTree = BUILT_PRODUCTS_DIR; };
		EF96920527FF75E000F8B70F /* AppDelegate.swift */ = {isa = PBXFileReference; lastKnownFileType = sourcecode.swift; path = AppDelegate.swift; sourceTree = "<group>"; };
		EF96920927FF75E000F8B70F /* MoviesHomeViewController.swift */ = {isa = PBXFileReference; lastKnownFileType = sourcecode.swift; path = MoviesHomeViewController.swift; sourceTree = "<group>"; };
		EF96920E27FF75E200F8B70F /* Assets.xcassets */ = {isa = PBXFileReference; lastKnownFileType = folder.assetcatalog; path = Assets.xcassets; sourceTree = "<group>"; };
		EF96921127FF75E200F8B70F /* Base */ = {isa = PBXFileReference; lastKnownFileType = file.storyboard; name = Base; path = Base.lproj/LaunchScreen.storyboard; sourceTree = "<group>"; };
		EF96921327FF75E200F8B70F /* Info.plist */ = {isa = PBXFileReference; lastKnownFileType = text.plist.xml; path = Info.plist; sourceTree = "<group>"; };
		EF96921927FF77EA00F8B70F /* Constants.swift */ = {isa = PBXFileReference; lastKnownFileType = sourcecode.swift; path = Constants.swift; sourceTree = "<group>"; };
		EF96921B27FF782300F8B70F /* UIColor+Helper.swift */ = {isa = PBXFileReference; lastKnownFileType = sourcecode.swift; path = "UIColor+Helper.swift"; sourceTree = "<group>"; };
		EF96921D27FF78A000F8B70F /* UIViewController+Helpers.swift */ = {isa = PBXFileReference; lastKnownFileType = sourcecode.swift; path = "UIViewController+Helpers.swift"; sourceTree = "<group>"; };
		EF96922227FF793C00F8B70F /* UICollectionView+Helpers.swift */ = {isa = PBXFileReference; lastKnownFileType = sourcecode.swift; path = "UICollectionView+Helpers.swift"; sourceTree = "<group>"; };
		EF96922427FF795A00F8B70F /* NSObject+Helpers.swift */ = {isa = PBXFileReference; lastKnownFileType = sourcecode.swift; path = "NSObject+Helpers.swift"; sourceTree = "<group>"; };
		EF96922627FF7A0100F8B70F /* GenericCollectionViewCell.swift */ = {isa = PBXFileReference; lastKnownFileType = sourcecode.swift; path = GenericCollectionViewCell.swift; sourceTree = "<group>"; };
		EF96922827FF7AB000F8B70F /* MovieCardView.swift */ = {isa = PBXFileReference; lastKnownFileType = sourcecode.swift; path = MovieCardView.swift; sourceTree = "<group>"; };
		EF96922A27FF7B8B00F8B70F /* Constraints+Helpers.swift */ = {isa = PBXFileReference; lastKnownFileType = sourcecode.swift; path = "Constraints+Helpers.swift"; sourceTree = "<group>"; };
		EF96922C27FF7C3D00F8B70F /* Font+Helpers.swift */ = {isa = PBXFileReference; lastKnownFileType = sourcecode.swift; path = "Font+Helpers.swift"; sourceTree = "<group>"; };
		EF96922E27FF7C6300F8B70F /* UIImage+Helpers.swift */ = {isa = PBXFileReference; lastKnownFileType = sourcecode.swift; path = "UIImage+Helpers.swift"; sourceTree = "<group>"; };
		EF96923027FF7CCC00F8B70F /* UIView+Helpers.swift */ = {isa = PBXFileReference; lastKnownFileType = sourcecode.swift; path = "UIView+Helpers.swift"; sourceTree = "<group>"; };
		EF96923427FF7E4600F8B70F /* Movie.swift */ = {isa = PBXFileReference; lastKnownFileType = sourcecode.swift; path = Movie.swift; sourceTree = "<group>"; };
		EF96924927FF867800F8B70F /* BehaviorSubject.swift */ = {isa = PBXFileReference; fileEncoding = 4; lastKnownFileType = sourcecode.swift; path = BehaviorSubject.swift; sourceTree = "<group>"; };
		EF96924A27FF867800F8B70F /* Observer.swift */ = {isa = PBXFileReference; fileEncoding = 4; lastKnownFileType = sourcecode.swift; path = Observer.swift; sourceTree = "<group>"; };
		EF96924B27FF867800F8B70F /* PublishSubject.swift */ = {isa = PBXFileReference; fileEncoding = 4; lastKnownFileType = sourcecode.swift; path = PublishSubject.swift; sourceTree = "<group>"; };
		EF96924D27FF867800F8B70F /* DisposeBase.swift */ = {isa = PBXFileReference; fileEncoding = 4; lastKnownFileType = sourcecode.swift; path = DisposeBase.swift; sourceTree = "<group>"; };
		EF96924E27FF867800F8B70F /* DisposeBag.swift */ = {isa = PBXFileReference; fileEncoding = 4; lastKnownFileType = sourcecode.swift; path = DisposeBag.swift; sourceTree = "<group>"; };
		EF96924F27FF867800F8B70F /* Disposable.swift */ = {isa = PBXFileReference; fileEncoding = 4; lastKnownFileType = sourcecode.swift; path = Disposable.swift; sourceTree = "<group>"; };
		EF96925027FF867800F8B70F /* Observable.swift */ = {isa = PBXFileReference; fileEncoding = 4; lastKnownFileType = sourcecode.swift; path = Observable.swift; sourceTree = "<group>"; };
		EF96925127FF867800F8B70F /* ObservationToken.swift */ = {isa = PBXFileReference; fileEncoding = 4; lastKnownFileType = sourcecode.swift; path = ObservationToken.swift; sourceTree = "<group>"; };
		EF96925B27FF88AC00F8B70F /* ViewModel.swift */ = {isa = PBXFileReference; fileEncoding = 4; lastKnownFileType = sourcecode.swift; path = ViewModel.swift; sourceTree = "<group>"; };
		EF96925C27FF88AC00F8B70F /* State.swift */ = {isa = PBXFileReference; fileEncoding = 4; lastKnownFileType = sourcecode.swift; path = State.swift; sourceTree = "<group>"; };
		EF96926027FF88DC00F8B70F /* MoviesStore.swift */ = {isa = PBXFileReference; fileEncoding = 4; lastKnownFileType = sourcecode.swift; path = MoviesStore.swift; sourceTree = "<group>"; };
		EF96926127FF88DC00F8B70F /* MoviesStoreProtocol.swift */ = {isa = PBXFileReference; fileEncoding = 4; lastKnownFileType = sourcecode.swift; path = MoviesStoreProtocol.swift; sourceTree = "<group>"; };
		EF96926627FF8AF400F8B70F /* MovieDBAPI.swift */ = {isa = PBXFileReference; fileEncoding = 4; lastKnownFileType = sourcecode.swift; path = MovieDBAPI.swift; sourceTree = "<group>"; };
		EF96926727FF8AF400F8B70F /* URLRequestConvertible.swift */ = {isa = PBXFileReference; fileEncoding = 4; lastKnownFileType = sourcecode.swift; path = URLRequestConvertible.swift; sourceTree = "<group>"; };
		EF96926827FF8AF400F8B70F /* NetworkAPIClient.swift */ = {isa = PBXFileReference; fileEncoding = 4; lastKnownFileType = sourcecode.swift; path = NetworkAPIClient.swift; sourceTree = "<group>"; };
		EF96926927FF8AF400F8B70F /* APIEndPoint.swift */ = {isa = PBXFileReference; fileEncoding = 4; lastKnownFileType = sourcecode.swift; path = APIEndPoint.swift; sourceTree = "<group>"; };
		EF96926A27FF8AF400F8B70F /* NetworkError.swift */ = {isa = PBXFileReference; fileEncoding = 4; lastKnownFileType = sourcecode.swift; path = NetworkError.swift; sourceTree = "<group>"; };
		EF96927027FF8BA300F8B70F /* MoviesListResponse.swift */ = {isa = PBXFileReference; lastKnownFileType = sourcecode.swift; path = MoviesListResponse.swift; sourceTree = "<group>"; };
		EF96927527FF8D2000F8B70F /* MoviesHomeViewModel.swift */ = {isa = PBXFileReference; lastKnownFileType = sourcecode.swift; path = MoviesHomeViewModel.swift; sourceTree = "<group>"; };
		EF96927A280089F900F8B70F /* BaseViewController.swift */ = {isa = PBXFileReference; fileEncoding = 4; lastKnownFileType = sourcecode.swift; path = BaseViewController.swift; sourceTree = "<group>"; };
		EF96927D28008A6D00F8B70F /* ProgressViewType.swift */ = {isa = PBXFileReference; fileEncoding = 4; lastKnownFileType = sourcecode.swift; path = ProgressViewType.swift; sourceTree = "<group>"; };
		EF96927F28008A6D00F8B70F /* ActionsFooterView.swift */ = {isa = PBXFileReference; fileEncoding = 4; lastKnownFileType = sourcecode.swift; path = ActionsFooterView.swift; sourceTree = "<group>"; };
		EF96928028008A6D00F8B70F /* ButtonAction.swift */ = {isa = PBXFileReference; fileEncoding = 4; lastKnownFileType = sourcecode.swift; path = ButtonAction.swift; sourceTree = "<group>"; };
		EF96928128008A6D00F8B70F /* LoadingButton.swift */ = {isa = PBXFileReference; fileEncoding = 4; lastKnownFileType = sourcecode.swift; path = LoadingButton.swift; sourceTree = "<group>"; };
		EF96928228008A6D00F8B70F /* ActionsFooterView.xib */ = {isa = PBXFileReference; fileEncoding = 4; lastKnownFileType = file.xib; path = ActionsFooterView.xib; sourceTree = "<group>"; };
		EF96928428008A6D00F8B70F /* StretchyTableHeaderView.swift */ = {isa = PBXFileReference; fileEncoding = 4; lastKnownFileType = sourcecode.swift; path = StretchyTableHeaderView.swift; sourceTree = "<group>"; };
		EF96928528008A6D00F8B70F /* UIViewController+ProgressViewable.swift */ = {isa = PBXFileReference; fileEncoding = 4; lastKnownFileType = sourcecode.swift; path = "UIViewController+ProgressViewable.swift"; sourceTree = "<group>"; };
		EF96928728008A6D00F8B70F /* InProgressView.swift */ = {isa = PBXFileReference; fileEncoding = 4; lastKnownFileType = sourcecode.swift; path = InProgressView.swift; sourceTree = "<group>"; };
		EF96928828008A6D00F8B70F /* InProgressView.xib */ = {isa = PBXFileReference; fileEncoding = 4; lastKnownFileType = file.xib; path = InProgressView.xib; sourceTree = "<group>"; };
		EF96928928008A6D00F8B70F /* ProgressViewable.swift */ = {isa = PBXFileReference; fileEncoding = 4; lastKnownFileType = sourcecode.swift; path = ProgressViewable.swift; sourceTree = "<group>"; };
		EF96929528008B0000F8B70F /* UIButton+Helpers.swift */ = {isa = PBXFileReference; fileEncoding = 4; lastKnownFileType = sourcecode.swift; path = "UIButton+Helpers.swift"; sourceTree = "<group>"; };
		EF96929828008B7300F8B70F /* UIFont+Helpers.swift */ = {isa = PBXFileReference; fileEncoding = 4; lastKnownFileType = sourcecode.swift; path = "UIFont+Helpers.swift"; sourceTree = "<group>"; };
		EF96929928008B7300F8B70F /* UIColor+SemanticColors.swift */ = {isa = PBXFileReference; fileEncoding = 4; lastKnownFileType = sourcecode.swift; path = "UIColor+SemanticColors.swift"; sourceTree = "<group>"; };
		EF96929A28008B7300F8B70F /* ColorStudio.swift */ = {isa = PBXFileReference; fileEncoding = 4; lastKnownFileType = sourcecode.swift; path = ColorStudio.swift; sourceTree = "<group>"; };
		EF96929B28008B7300F8B70F /* UIFont+App.swift */ = {isa = PBXFileReference; fileEncoding = 4; lastKnownFileType = sourcecode.swift; path = "UIFont+App.swift"; sourceTree = "<group>"; };
		EF96929C28008B7300F8B70F /* Style.swift */ = {isa = PBXFileReference; fileEncoding = 4; lastKnownFileType = sourcecode.swift; path = Style.swift; sourceTree = "<group>"; };
		EF96929D28008B7300F8B70F /* UIColor+ColorStudio.swift */ = {isa = PBXFileReference; fileEncoding = 4; lastKnownFileType = sourcecode.swift; path = "UIColor+ColorStudio.swift"; sourceTree = "<group>"; };
		EF96929E28008B7300F8B70F /* UIColor+SystemColors.swift */ = {isa = PBXFileReference; fileEncoding = 4; lastKnownFileType = sourcecode.swift; path = "UIColor+SystemColors.swift"; sourceTree = "<group>"; };
		EF96929F28008B7300F8B70F /* UISettings.swift */ = {isa = PBXFileReference; fileEncoding = 4; lastKnownFileType = sourcecode.swift; path = UISettings.swift; sourceTree = "<group>"; };
/* End PBXFileReference section */

/* Begin PBXFrameworksBuildPhase section */
		EF9691FF27FF75E000F8B70F /* Frameworks */ = {
			isa = PBXFrameworksBuildPhase;
			buildActionMask = 2147483647;
			files = (
				EF20F88E28022AB300895DCE /* RealmSwift in Frameworks */,
				EF20F88C28022AB300895DCE /* Realm in Frameworks */,
				EF20F8852801FDCD00895DCE /* SDWebImage in Frameworks */,
			);
			runOnlyForDeploymentPostprocessing = 0;
		};
/* End PBXFrameworksBuildPhase section */

/* Begin PBXGroup section */
		EF20F8862802285500895DCE /* Storage */ = {
			isa = PBXGroup;
			children = (
				EF20F8872802285500895DCE /* Realm */,
			);
			path = Storage;
			sourceTree = "<group>";
		};
		EF20F8872802285500895DCE /* Realm */ = {
			isa = PBXGroup;
			children = (
				EF20F8882802285500895DCE /* RealmStorage.swift */,
				EF20F88F2802307600895DCE /* Movie+Realm.swift */,
			);
			path = Realm;
			sourceTree = "<group>";
		};
		EF20F8972804ECD700895DCE /* MainTabBar */ = {
			isa = PBXGroup;
			children = (
				EF20F8982804ECD700895DCE /* MainTabBarController.swift */,
				EF20F8992804ECD700895DCE /* AppTab.swift */,
			);
			path = MainTabBar;
			sourceTree = "<group>";
		};
		EF20F89E2804FF3900895DCE /* FavoritesViewController */ = {
			isa = PBXGroup;
			children = (
				EF20F8A02804FF4900895DCE /* View */,
				EF20F89F2804FF4400895DCE /* ViewModel */,
			);
			path = FavoritesViewController;
			sourceTree = "<group>";
		};
		EF20F89F2804FF4400895DCE /* ViewModel */ = {
			isa = PBXGroup;
			children = (
				EF20F8A32804FF6A00895DCE /* FavoritesViewModel.swift */,
			);
			path = ViewModel;
			sourceTree = "<group>";
		};
		EF20F8A02804FF4900895DCE /* View */ = {
			isa = PBXGroup;
			children = (
				EF20F8A12804FF6100895DCE /* FavoritesViewController.swift */,
			);
			path = View;
			sourceTree = "<group>";
		};
		EF595FD028062C250061288A /* DetailsViewController */ = {
			isa = PBXGroup;
			children = (
				EF595FD428062E620061288A /* ViewModel */,
				EF595FD328062E5B0061288A /* View */,
			);
			path = DetailsViewController;
			sourceTree = "<group>";
		};
		EF595FD328062E5B0061288A /* View */ = {
			isa = PBXGroup;
			children = (
				EF595FD128062C3B0061288A /* DetailsViewController.swift */,
			);
			path = View;
			sourceTree = "<group>";
		};
		EF595FD428062E620061288A /* ViewModel */ = {
			isa = PBXGroup;
			children = (
				EF595FD528062E6A0061288A /* DetailsViewModel.swift */,
			);
			path = ViewModel;
			sourceTree = "<group>";
		};
		EF9691F927FF75E000F8B70F = {
			isa = PBXGroup;
			children = (
				EF96920427FF75E000F8B70F /* MoviesHome */,
				EF96920327FF75E000F8B70F /* Products */,
			);
			sourceTree = "<group>";
		};
		EF96920327FF75E000F8B70F /* Products */ = {
			isa = PBXGroup;
			children = (
				EF96920227FF75E000F8B70F /* MoviesHome.app */,
			);
			name = Products;
			sourceTree = "<group>";
		};
		EF96920427FF75E000F8B70F /* MoviesHome */ = {
			isa = PBXGroup;
			children = (
				EFC046EB280668E90060FCAD /* ViewRelated */,
				EF20F8862802285500895DCE /* Storage */,
				EF96929728008B7300F8B70F /* Styles */,
				EF96926527FF8AF400F8B70F /* Network */,
				EF96925F27FF88DC00F8B70F /* Store */,
				EF96924727FF867800F8B70F /* Tools */,
				EF96923A27FF835100F8B70F /* Models */,
				EF96923627FF82FF00F8B70F /* Extensions */,
				EF96920527FF75E000F8B70F /* AppDelegate.swift */,
				EF96921927FF77EA00F8B70F /* Constants.swift */,
				EF96920E27FF75E200F8B70F /* Assets.xcassets */,
				EF96921027FF75E200F8B70F /* LaunchScreen.storyboard */,
				EF96921327FF75E200F8B70F /* Info.plist */,
				EF96921B27FF782300F8B70F /* UIColor+Helper.swift */,
			);
			path = MoviesHome;
			sourceTree = "<group>";
		};
		EF96923627FF82FF00F8B70F /* Extensions */ = {
			isa = PBXGroup;
			children = (
				EF96929528008B0000F8B70F /* UIButton+Helpers.swift */,
				EF96922E27FF7C6300F8B70F /* UIImage+Helpers.swift */,
				EF96923027FF7CCC00F8B70F /* UIView+Helpers.swift */,
				EF96922C27FF7C3D00F8B70F /* Font+Helpers.swift */,
				EF96922A27FF7B8B00F8B70F /* Constraints+Helpers.swift */,
				EF96922227FF793C00F8B70F /* UICollectionView+Helpers.swift */,
				EF96922427FF795A00F8B70F /* NSObject+Helpers.swift */,
				EF96921D27FF78A000F8B70F /* UIViewController+Helpers.swift */,
			);
			path = Extensions;
			sourceTree = "<group>";
		};
		EF96923727FF832300F8B70F /* Controllers */ = {
			isa = PBXGroup;
			children = (
				EF595FD028062C250061288A /* DetailsViewController */,
				EF96927A280089F900F8B70F /* BaseViewController.swift */,
				EF20F89E2804FF3900895DCE /* FavoritesViewController */,
				EF96927227FF8CC500F8B70F /* MoviesHomeViewController */,
			);
			path = Controllers;
			sourceTree = "<group>";
		};
		EF96923827FF833900F8B70F /* Cells */ = {
			isa = PBXGroup;
			children = (
				EF96922627FF7A0100F8B70F /* GenericCollectionViewCell.swift */,
			);
			path = Cells;
			sourceTree = "<group>";
		};
		EF96923927FF834900F8B70F /* Views */ = {
			isa = PBXGroup;
			children = (
				EF96922827FF7AB000F8B70F /* MovieCardView.swift */,
			);
			path = Views;
			sourceTree = "<group>";
		};
		EF96923A27FF835100F8B70F /* Models */ = {
			isa = PBXGroup;
			children = (
				EF96923427FF7E4600F8B70F /* Movie.swift */,
				EF96927027FF8BA300F8B70F /* MoviesListResponse.swift */,
			);
			path = Models;
			sourceTree = "<group>";
		};
		EF96924727FF867800F8B70F /* Tools */ = {
			isa = PBXGroup;
			children = (
				EF96924827FF867800F8B70F /* Observables */,
			);
			path = Tools;
			sourceTree = "<group>";
		};
		EF96924827FF867800F8B70F /* Observables */ = {
			isa = PBXGroup;
			children = (
				EF96924927FF867800F8B70F /* BehaviorSubject.swift */,
				EF96924A27FF867800F8B70F /* Observer.swift */,
				EF96924B27FF867800F8B70F /* PublishSubject.swift */,
				EF96924C27FF867800F8B70F /* Disposables */,
				EF96925027FF867800F8B70F /* Observable.swift */,
				EF96925127FF867800F8B70F /* ObservationToken.swift */,
			);
			path = Observables;
			sourceTree = "<group>";
		};
		EF96924C27FF867800F8B70F /* Disposables */ = {
			isa = PBXGroup;
			children = (
				EF96924D27FF867800F8B70F /* DisposeBase.swift */,
				EF96924E27FF867800F8B70F /* DisposeBag.swift */,
				EF96924F27FF867800F8B70F /* Disposable.swift */,
			);
			path = Disposables;
			sourceTree = "<group>";
		};
		EF96925A27FF88AC00F8B70F /* BaseViewModel */ = {
			isa = PBXGroup;
			children = (
				EF96925B27FF88AC00F8B70F /* ViewModel.swift */,
				EF96925C27FF88AC00F8B70F /* State.swift */,
			);
			path = BaseViewModel;
			sourceTree = "<group>";
		};
		EF96925F27FF88DC00F8B70F /* Store */ = {
			isa = PBXGroup;
			children = (
				EF96926027FF88DC00F8B70F /* MoviesStore.swift */,
				EF96926127FF88DC00F8B70F /* MoviesStoreProtocol.swift */,
			);
			path = Store;
			sourceTree = "<group>";
		};
		EF96926527FF8AF400F8B70F /* Network */ = {
			isa = PBXGroup;
			children = (
				EF96926627FF8AF400F8B70F /* MovieDBAPI.swift */,
				EF96926727FF8AF400F8B70F /* URLRequestConvertible.swift */,
				EF96926827FF8AF400F8B70F /* NetworkAPIClient.swift */,
				EF96926927FF8AF400F8B70F /* APIEndPoint.swift */,
				EF96926A27FF8AF400F8B70F /* NetworkError.swift */,
			);
			path = Network;
			sourceTree = "<group>";
		};
		EF96927227FF8CC500F8B70F /* MoviesHomeViewController */ = {
			isa = PBXGroup;
			children = (
				EF96927427FF8CD900F8B70F /* ViewModel */,
				EF96927327FF8CD500F8B70F /* View */,
			);
			path = MoviesHomeViewController;
			sourceTree = "<group>";
		};
		EF96927327FF8CD500F8B70F /* View */ = {
			isa = PBXGroup;
			children = (
				EF96920927FF75E000F8B70F /* MoviesHomeViewController.swift */,
			);
			path = View;
			sourceTree = "<group>";
		};
		EF96927427FF8CD900F8B70F /* ViewModel */ = {
			isa = PBXGroup;
			children = (
				EF96927527FF8D2000F8B70F /* MoviesHomeViewModel.swift */,
			);
			path = ViewModel;
			sourceTree = "<group>";
		};
		EF96927C28008A6D00F8B70F /* ReusableViews */ = {
			isa = PBXGroup;
			children = (
				EF96927D28008A6D00F8B70F /* ProgressViewType.swift */,
				EF96927E28008A6D00F8B70F /* ActionsFooterView */,
				EF96928428008A6D00F8B70F /* StretchyTableHeaderView.swift */,
				EF96928528008A6D00F8B70F /* UIViewController+ProgressViewable.swift */,
				EF96928628008A6D00F8B70F /* InProgressView */,
			);
			path = ReusableViews;
			sourceTree = "<group>";
		};
		EF96927E28008A6D00F8B70F /* ActionsFooterView */ = {
			isa = PBXGroup;
			children = (
				EF96927F28008A6D00F8B70F /* ActionsFooterView.swift */,
				EF96928028008A6D00F8B70F /* ButtonAction.swift */,
				EF96928128008A6D00F8B70F /* LoadingButton.swift */,
				EF96928228008A6D00F8B70F /* ActionsFooterView.xib */,
			);
			path = ActionsFooterView;
			sourceTree = "<group>";
		};
		EF96928628008A6D00F8B70F /* InProgressView */ = {
			isa = PBXGroup;
			children = (
				EF96928728008A6D00F8B70F /* InProgressView.swift */,
				EF96928828008A6D00F8B70F /* InProgressView.xib */,
				EF96928928008A6D00F8B70F /* ProgressViewable.swift */,
			);
			path = InProgressView;
			sourceTree = "<group>";
		};
		EF96929728008B7300F8B70F /* Styles */ = {
			isa = PBXGroup;
			children = (
				EF96929828008B7300F8B70F /* UIFont+Helpers.swift */,
				EF96929928008B7300F8B70F /* UIColor+SemanticColors.swift */,
				EF96929A28008B7300F8B70F /* ColorStudio.swift */,
				EF96929B28008B7300F8B70F /* UIFont+App.swift */,
				EF96929C28008B7300F8B70F /* Style.swift */,
				EF96929D28008B7300F8B70F /* UIColor+ColorStudio.swift */,
				EF96929E28008B7300F8B70F /* UIColor+SystemColors.swift */,
				EF96929F28008B7300F8B70F /* UISettings.swift */,
			);
			path = Styles;
			sourceTree = "<group>";
		};
		EFC046EB280668E90060FCAD /* ViewRelated */ = {
			isa = PBXGroup;
			children = (
				EF20F89C2804FC6800895DCE /* AppCoordinator.swift */,
				EF96927C28008A6D00F8B70F /* ReusableViews */,
				EF20F8972804ECD700895DCE /* MainTabBar */,
				EF96923827FF833900F8B70F /* Cells */,
				EF96923927FF834900F8B70F /* Views */,
				EF96925A27FF88AC00F8B70F /* BaseViewModel */,
				EF96923727FF832300F8B70F /* Controllers */,
			);
			path = ViewRelated;
			sourceTree = "<group>";
		};
/* End PBXGroup section */

/* Begin PBXNativeTarget section */
		EF96920127FF75E000F8B70F /* MoviesHome */ = {
			isa = PBXNativeTarget;
			buildConfigurationList = EF96921627FF75E200F8B70F /* Build configuration list for PBXNativeTarget "MoviesHome" */;
			buildPhases = (
				EF9691FE27FF75E000F8B70F /* Sources */,
				EF9691FF27FF75E000F8B70F /* Frameworks */,
				EF96920027FF75E000F8B70F /* Resources */,
			);
			buildRules = (
			);
			dependencies = (
			);
			name = MoviesHome;
			packageProductDependencies = (
				EF20F8842801FDCD00895DCE /* SDWebImage */,
				EF20F88B28022AB300895DCE /* Realm */,
				EF20F88D28022AB300895DCE /* RealmSwift */,
			);
			productName = MoviesHome;
			productReference = EF96920227FF75E000F8B70F /* MoviesHome.app */;
			productType = "com.apple.product-type.application";
		};
/* End PBXNativeTarget section */

/* Begin PBXProject section */
		EF9691FA27FF75E000F8B70F /* Project object */ = {
			isa = PBXProject;
			attributes = {
				BuildIndependentTargetsInParallel = 1;
				LastSwiftUpdateCheck = 1320;
				LastUpgradeCheck = 1320;
				TargetAttributes = {
					EF96920127FF75E000F8B70F = {
						CreatedOnToolsVersion = 13.2.1;
					};
				};
			};
			buildConfigurationList = EF9691FD27FF75E000F8B70F /* Build configuration list for PBXProject "MoviesHome" */;
			compatibilityVersion = "Xcode 13.0";
			developmentRegion = en;
			hasScannedForEncodings = 0;
			knownRegions = (
				en,
				Base,
			);
			mainGroup = EF9691F927FF75E000F8B70F;
			packageReferences = (
				EF20F8832801FDCD00895DCE /* XCRemoteSwiftPackageReference "SDWebImage" */,
				EF20F88A28022AB300895DCE /* XCRemoteSwiftPackageReference "realm-swift" */,
			);
			productRefGroup = EF96920327FF75E000F8B70F /* Products */;
			projectDirPath = "";
			projectRoot = "";
			targets = (
				EF96920127FF75E000F8B70F /* MoviesHome */,
			);
		};
/* End PBXProject section */

/* Begin PBXResourcesBuildPhase section */
		EF96920027FF75E000F8B70F /* Resources */ = {
			isa = PBXResourcesBuildPhase;
			buildActionMask = 2147483647;
			files = (
				EF96921227FF75E200F8B70F /* LaunchScreen.storyboard in Resources */,
				EF96928E28008A6D00F8B70F /* ActionsFooterView.xib in Resources */,
				EF96929328008A6D00F8B70F /* InProgressView.xib in Resources */,
				EF96920F27FF75E200F8B70F /* Assets.xcassets in Resources */,
			);
			runOnlyForDeploymentPostprocessing = 0;
		};
/* End PBXResourcesBuildPhase section */

/* Begin PBXSourcesBuildPhase section */
		EF9691FE27FF75E000F8B70F /* Sources */ = {
			isa = PBXSourcesBuildPhase;
			buildActionMask = 2147483647;
			files = (
				EF20F8A42804FF6A00895DCE /* FavoritesViewModel.swift in Sources */,
				EF96926327FF88DC00F8B70F /* MoviesStoreProtocol.swift in Sources */,
				EF96923527FF7E4600F8B70F /* Movie.swift in Sources */,
				EF96928D28008A6D00F8B70F /* LoadingButton.swift in Sources */,
				EF96925727FF867800F8B70F /* Disposable.swift in Sources */,
				EF9692A528008B7300F8B70F /* UIColor+ColorStudio.swift in Sources */,
				EF96925327FF867800F8B70F /* Observer.swift in Sources */,
				EF96925227FF867800F8B70F /* BehaviorSubject.swift in Sources */,
				EF96927627FF8D2000F8B70F /* MoviesHomeViewModel.swift in Sources */,
				EF9692A428008B7300F8B70F /* Style.swift in Sources */,
				EF96926F27FF8AF400F8B70F /* NetworkError.swift in Sources */,
				EF20F8A22804FF6100895DCE /* FavoritesViewController.swift in Sources */,
				EF9692A628008B7300F8B70F /* UIColor+SystemColors.swift in Sources */,
				EF96922327FF793C00F8B70F /* UICollectionView+Helpers.swift in Sources */,
				EF96920A27FF75E000F8B70F /* MoviesHomeViewController.swift in Sources */,
				EF96926C27FF8AF400F8B70F /* URLRequestConvertible.swift in Sources */,
				EF96926227FF88DC00F8B70F /* MoviesStore.swift in Sources */,
				EF96925627FF867800F8B70F /* DisposeBag.swift in Sources */,
				EF20F89B2804ECD700895DCE /* AppTab.swift in Sources */,
				EF96920627FF75E000F8B70F /* AppDelegate.swift in Sources */,
				EF595FD228062C3B0061288A /* DetailsViewController.swift in Sources */,
				EF9692A728008B7300F8B70F /* UISettings.swift in Sources */,
				EF96928B28008A6D00F8B70F /* ActionsFooterView.swift in Sources */,
				EF20F89D2804FC6800895DCE /* AppCoordinator.swift in Sources */,
				EF20F8892802285500895DCE /* RealmStorage.swift in Sources */,
				EF20F89A2804ECD700895DCE /* MainTabBarController.swift in Sources */,
				EF96926E27FF8AF400F8B70F /* APIEndPoint.swift in Sources */,
				EF96925D27FF88AC00F8B70F /* ViewModel.swift in Sources */,
				EF20F8902802307600895DCE /* Movie+Realm.swift in Sources */,
				EF96928C28008A6D00F8B70F /* ButtonAction.swift in Sources */,
				EF96925427FF867800F8B70F /* PublishSubject.swift in Sources */,
				EF9692A128008B7300F8B70F /* UIColor+SemanticColors.swift in Sources */,
				EF9692A328008B7300F8B70F /* UIFont+App.swift in Sources */,
				EF96926B27FF8AF400F8B70F /* MovieDBAPI.swift in Sources */,
				EF96926D27FF8AF400F8B70F /* NetworkAPIClient.swift in Sources */,
				EF96927127FF8BA300F8B70F /* MoviesListResponse.swift in Sources */,
				EF96925827FF867800F8B70F /* Observable.swift in Sources */,
				EF96929628008B0000F8B70F /* UIButton+Helpers.swift in Sources */,
				EF96922527FF795A00F8B70F /* NSObject+Helpers.swift in Sources */,
				EF96922927FF7AB000F8B70F /* MovieCardView.swift in Sources */,
				EF9692A028008B7300F8B70F /* UIFont+Helpers.swift in Sources */,
				EF96929028008A6D00F8B70F /* StretchyTableHeaderView.swift in Sources */,
				EF96921A27FF77EA00F8B70F /* Constants.swift in Sources */,
				EF96922B27FF7B8B00F8B70F /* Constraints+Helpers.swift in Sources */,
				EF96925527FF867800F8B70F /* DisposeBase.swift in Sources */,
				EF96929428008A6D00F8B70F /* ProgressViewable.swift in Sources */,
				EF96925E27FF88AC00F8B70F /* State.swift in Sources */,
				EF595FD628062E6A0061288A /* DetailsViewModel.swift in Sources */,
				EF96927B280089F900F8B70F /* BaseViewController.swift in Sources */,
				EF96921E27FF78A000F8B70F /* UIViewController+Helpers.swift in Sources */,
				EF96922D27FF7C3D00F8B70F /* Font+Helpers.swift in Sources */,
				EF96929228008A6D00F8B70F /* InProgressView.swift in Sources */,
				EF96928A28008A6D00F8B70F /* ProgressViewType.swift in Sources */,
				EF9692A228008B7300F8B70F /* ColorStudio.swift in Sources */,
				EF96923127FF7CCC00F8B70F /* UIView+Helpers.swift in Sources */,
				EF96922727FF7A0100F8B70F /* GenericCollectionViewCell.swift in Sources */,
				EF96922F27FF7C6300F8B70F /* UIImage+Helpers.swift in Sources */,
				EF96925927FF867800F8B70F /* ObservationToken.swift in Sources */,
				EF96921C27FF782300F8B70F /* UIColor+Helper.swift in Sources */,
				EF96929128008A6D00F8B70F /* UIViewController+ProgressViewable.swift in Sources */,
			);
			runOnlyForDeploymentPostprocessing = 0;
		};
/* End PBXSourcesBuildPhase section */

/* Begin PBXVariantGroup section */
		EF96921027FF75E200F8B70F /* LaunchScreen.storyboard */ = {
			isa = PBXVariantGroup;
			children = (
				EF96921127FF75E200F8B70F /* Base */,
			);
			name = LaunchScreen.storyboard;
			sourceTree = "<group>";
		};
/* End PBXVariantGroup section */

/* Begin XCBuildConfiguration section */
		EF96921427FF75E200F8B70F /* Debug */ = {
			isa = XCBuildConfiguration;
			buildSettings = {
				ALWAYS_SEARCH_USER_PATHS = NO;
				CLANG_ANALYZER_NONNULL = YES;
				CLANG_ANALYZER_NUMBER_OBJECT_CONVERSION = YES_AGGRESSIVE;
				CLANG_CXX_LANGUAGE_STANDARD = "gnu++17";
				CLANG_CXX_LIBRARY = "libc++";
				CLANG_ENABLE_MODULES = YES;
				CLANG_ENABLE_OBJC_ARC = YES;
				CLANG_ENABLE_OBJC_WEAK = YES;
				CLANG_WARN_BLOCK_CAPTURE_AUTORELEASING = YES;
				CLANG_WARN_BOOL_CONVERSION = YES;
				CLANG_WARN_COMMA = YES;
				CLANG_WARN_CONSTANT_CONVERSION = YES;
				CLANG_WARN_DEPRECATED_OBJC_IMPLEMENTATIONS = YES;
				CLANG_WARN_DIRECT_OBJC_ISA_USAGE = YES_ERROR;
				CLANG_WARN_DOCUMENTATION_COMMENTS = YES;
				CLANG_WARN_EMPTY_BODY = YES;
				CLANG_WARN_ENUM_CONVERSION = YES;
				CLANG_WARN_INFINITE_RECURSION = YES;
				CLANG_WARN_INT_CONVERSION = YES;
				CLANG_WARN_NON_LITERAL_NULL_CONVERSION = YES;
				CLANG_WARN_OBJC_IMPLICIT_RETAIN_SELF = YES;
				CLANG_WARN_OBJC_LITERAL_CONVERSION = YES;
				CLANG_WARN_OBJC_ROOT_CLASS = YES_ERROR;
				CLANG_WARN_QUOTED_INCLUDE_IN_FRAMEWORK_HEADER = YES;
				CLANG_WARN_RANGE_LOOP_ANALYSIS = YES;
				CLANG_WARN_STRICT_PROTOTYPES = YES;
				CLANG_WARN_SUSPICIOUS_MOVE = YES;
				CLANG_WARN_UNGUARDED_AVAILABILITY = YES_AGGRESSIVE;
				CLANG_WARN_UNREACHABLE_CODE = YES;
				CLANG_WARN__DUPLICATE_METHOD_MATCH = YES;
				COPY_PHASE_STRIP = NO;
				DEBUG_INFORMATION_FORMAT = dwarf;
				ENABLE_STRICT_OBJC_MSGSEND = YES;
				ENABLE_TESTABILITY = YES;
				GCC_C_LANGUAGE_STANDARD = gnu11;
				GCC_DYNAMIC_NO_PIC = NO;
				GCC_NO_COMMON_BLOCKS = YES;
				GCC_OPTIMIZATION_LEVEL = 0;
				GCC_PREPROCESSOR_DEFINITIONS = (
					"DEBUG=1",
					"$(inherited)",
				);
				GCC_WARN_64_TO_32_BIT_CONVERSION = YES;
				GCC_WARN_ABOUT_RETURN_TYPE = YES_ERROR;
				GCC_WARN_UNDECLARED_SELECTOR = YES;
				GCC_WARN_UNINITIALIZED_AUTOS = YES_AGGRESSIVE;
				GCC_WARN_UNUSED_FUNCTION = YES;
				GCC_WARN_UNUSED_VARIABLE = YES;
				IPHONEOS_DEPLOYMENT_TARGET = 15.2;
				MTL_ENABLE_DEBUG_INFO = INCLUDE_SOURCE;
				MTL_FAST_MATH = YES;
				ONLY_ACTIVE_ARCH = YES;
				SDKROOT = iphoneos;
				SWIFT_ACTIVE_COMPILATION_CONDITIONS = DEBUG;
				SWIFT_OPTIMIZATION_LEVEL = "-Onone";
			};
			name = Debug;
		};
		EF96921527FF75E200F8B70F /* Release */ = {
			isa = XCBuildConfiguration;
			buildSettings = {
				ALWAYS_SEARCH_USER_PATHS = NO;
				CLANG_ANALYZER_NONNULL = YES;
				CLANG_ANALYZER_NUMBER_OBJECT_CONVERSION = YES_AGGRESSIVE;
				CLANG_CXX_LANGUAGE_STANDARD = "gnu++17";
				CLANG_CXX_LIBRARY = "libc++";
				CLANG_ENABLE_MODULES = YES;
				CLANG_ENABLE_OBJC_ARC = YES;
				CLANG_ENABLE_OBJC_WEAK = YES;
				CLANG_WARN_BLOCK_CAPTURE_AUTORELEASING = YES;
				CLANG_WARN_BOOL_CONVERSION = YES;
				CLANG_WARN_COMMA = YES;
				CLANG_WARN_CONSTANT_CONVERSION = YES;
				CLANG_WARN_DEPRECATED_OBJC_IMPLEMENTATIONS = YES;
				CLANG_WARN_DIRECT_OBJC_ISA_USAGE = YES_ERROR;
				CLANG_WARN_DOCUMENTATION_COMMENTS = YES;
				CLANG_WARN_EMPTY_BODY = YES;
				CLANG_WARN_ENUM_CONVERSION = YES;
				CLANG_WARN_INFINITE_RECURSION = YES;
				CLANG_WARN_INT_CONVERSION = YES;
				CLANG_WARN_NON_LITERAL_NULL_CONVERSION = YES;
				CLANG_WARN_OBJC_IMPLICIT_RETAIN_SELF = YES;
				CLANG_WARN_OBJC_LITERAL_CONVERSION = YES;
				CLANG_WARN_OBJC_ROOT_CLASS = YES_ERROR;
				CLANG_WARN_QUOTED_INCLUDE_IN_FRAMEWORK_HEADER = YES;
				CLANG_WARN_RANGE_LOOP_ANALYSIS = YES;
				CLANG_WARN_STRICT_PROTOTYPES = YES;
				CLANG_WARN_SUSPICIOUS_MOVE = YES;
				CLANG_WARN_UNGUARDED_AVAILABILITY = YES_AGGRESSIVE;
				CLANG_WARN_UNREACHABLE_CODE = YES;
				CLANG_WARN__DUPLICATE_METHOD_MATCH = YES;
				COPY_PHASE_STRIP = NO;
				DEBUG_INFORMATION_FORMAT = "dwarf-with-dsym";
				ENABLE_NS_ASSERTIONS = NO;
				ENABLE_STRICT_OBJC_MSGSEND = YES;
				GCC_C_LANGUAGE_STANDARD = gnu11;
				GCC_NO_COMMON_BLOCKS = YES;
				GCC_WARN_64_TO_32_BIT_CONVERSION = YES;
				GCC_WARN_ABOUT_RETURN_TYPE = YES_ERROR;
				GCC_WARN_UNDECLARED_SELECTOR = YES;
				GCC_WARN_UNINITIALIZED_AUTOS = YES_AGGRESSIVE;
				GCC_WARN_UNUSED_FUNCTION = YES;
				GCC_WARN_UNUSED_VARIABLE = YES;
				IPHONEOS_DEPLOYMENT_TARGET = 15.2;
				MTL_ENABLE_DEBUG_INFO = NO;
				MTL_FAST_MATH = YES;
				SDKROOT = iphoneos;
				SWIFT_COMPILATION_MODE = wholemodule;
				SWIFT_OPTIMIZATION_LEVEL = "-O";
				VALIDATE_PRODUCT = YES;
			};
			name = Release;
		};
		EF96921727FF75E200F8B70F /* Debug */ = {
			isa = XCBuildConfiguration;
			buildSettings = {
				ASSETCATALOG_COMPILER_APPICON_NAME = AppIcon;
				ASSETCATALOG_COMPILER_GLOBAL_ACCENT_COLOR_NAME = AccentColor;
				CODE_SIGN_STYLE = Automatic;
				CURRENT_PROJECT_VERSION = 1;
				DEVELOPMENT_TEAM = 9UCYSD8Q8F;
				GENERATE_INFOPLIST_FILE = YES;
				INFOPLIST_FILE = MoviesHome/Info.plist;
				INFOPLIST_KEY_UIApplicationSupportsIndirectInputEvents = YES;
				INFOPLIST_KEY_UILaunchStoryboardName = LaunchScreen;
				INFOPLIST_KEY_UISupportedInterfaceOrientations = UIInterfaceOrientationPortrait;
				INFOPLIST_KEY_UISupportedInterfaceOrientations_iPad = "UIInterfaceOrientationPortrait UIInterfaceOrientationPortraitUpsideDown UIInterfaceOrientationLandscapeLeft UIInterfaceOrientationLandscapeRight";
				INFOPLIST_KEY_UISupportedInterfaceOrientations_iPhone = "UIInterfaceOrientationPortrait UIInterfaceOrientationLandscapeLeft UIInterfaceOrientationLandscapeRight";
				IPHONEOS_DEPLOYMENT_TARGET = 12.2;
				LD_RUNPATH_SEARCH_PATHS = (
					"$(inherited)",
					"@executable_path/Frameworks",
				);
				MARKETING_VERSION = 1.0;
				PRODUCT_BUNDLE_IDENTIFIER = com.exdevs.MoviesHome;
				PRODUCT_NAME = "$(TARGET_NAME)";
				SWIFT_EMIT_LOC_STRINGS = YES;
				SWIFT_VERSION = 5.0;
				TARGETED_DEVICE_FAMILY = 1;
			};
			name = Debug;
		};
		EF96921827FF75E200F8B70F /* Release */ = {
			isa = XCBuildConfiguration;
			buildSettings = {
				ASSETCATALOG_COMPILER_APPICON_NAME = AppIcon;
				ASSETCATALOG_COMPILER_GLOBAL_ACCENT_COLOR_NAME = AccentColor;
				CODE_SIGN_STYLE = Automatic;
				CURRENT_PROJECT_VERSION = 1;
				DEVELOPMENT_TEAM = 9UCYSD8Q8F;
				GENERATE_INFOPLIST_FILE = YES;
				INFOPLIST_FILE = MoviesHome/Info.plist;
				INFOPLIST_KEY_UIApplicationSupportsIndirectInputEvents = YES;
				INFOPLIST_KEY_UILaunchStoryboardName = LaunchScreen;
				INFOPLIST_KEY_UISupportedInterfaceOrientations = UIInterfaceOrientationPortrait;
				INFOPLIST_KEY_UISupportedInterfaceOrientations_iPad = "UIInterfaceOrientationPortrait UIInterfaceOrientationPortraitUpsideDown UIInterfaceOrientationLandscapeLeft UIInterfaceOrientationLandscapeRight";
				INFOPLIST_KEY_UISupportedInterfaceOrientations_iPhone = "UIInterfaceOrientationPortrait UIInterfaceOrientationLandscapeLeft UIInterfaceOrientationLandscapeRight";
				IPHONEOS_DEPLOYMENT_TARGET = 12.2;
				LD_RUNPATH_SEARCH_PATHS = (
					"$(inherited)",
					"@executable_path/Frameworks",
				);
				MARKETING_VERSION = 1.0;
				PRODUCT_BUNDLE_IDENTIFIER = com.exdevs.MoviesHome;
				PRODUCT_NAME = "$(TARGET_NAME)";
				SWIFT_EMIT_LOC_STRINGS = YES;
				SWIFT_VERSION = 5.0;
				TARGETED_DEVICE_FAMILY = 1;
			};
			name = Release;
		};
/* End XCBuildConfiguration section */

/* Begin XCConfigurationList section */
		EF9691FD27FF75E000F8B70F /* Build configuration list for PBXProject "MoviesHome" */ = {
			isa = XCConfigurationList;
			buildConfigurations = (
				EF96921427FF75E200F8B70F /* Debug */,
				EF96921527FF75E200F8B70F /* Release */,
			);
			defaultConfigurationIsVisible = 0;
			defaultConfigurationName = Release;
		};
		EF96921627FF75E200F8B70F /* Build configuration list for PBXNativeTarget "MoviesHome" */ = {
			isa = XCConfigurationList;
			buildConfigurations = (
				EF96921727FF75E200F8B70F /* Debug */,
				EF96921827FF75E200F8B70F /* Release */,
			);
			defaultConfigurationIsVisible = 0;
			defaultConfigurationName = Release;
		};
/* End XCConfigurationList section */

/* Begin XCRemoteSwiftPackageReference section */
		EF20F8832801FDCD00895DCE /* XCRemoteSwiftPackageReference "SDWebImage" */ = {
			isa = XCRemoteSwiftPackageReference;
			repositoryURL = "https://github.com/SDWebImage/SDWebImage";
			requirement = {
				kind = upToNextMajorVersion;
				minimumVersion = 5.0.0;
			};
		};
		EF20F88A28022AB300895DCE /* XCRemoteSwiftPackageReference "realm-swift" */ = {
			isa = XCRemoteSwiftPackageReference;
			repositoryURL = "https://github.com/realm/realm-swift";
			requirement = {
				branch = master;
				kind = branch;
			};
		};
/* End XCRemoteSwiftPackageReference section */

/* Begin XCSwiftPackageProductDependency section */
		EF20F8842801FDCD00895DCE /* SDWebImage */ = {
			isa = XCSwiftPackageProductDependency;
			package = EF20F8832801FDCD00895DCE /* XCRemoteSwiftPackageReference "SDWebImage" */;
			productName = SDWebImage;
		};
		EF20F88B28022AB300895DCE /* Realm */ = {
			isa = XCSwiftPackageProductDependency;
			package = EF20F88A28022AB300895DCE /* XCRemoteSwiftPackageReference "realm-swift" */;
			productName = Realm;
		};
		EF20F88D28022AB300895DCE /* RealmSwift */ = {
			isa = XCSwiftPackageProductDependency;
			package = EF20F88A28022AB300895DCE /* XCRemoteSwiftPackageReference "realm-swift" */;
			productName = RealmSwift;
		};
/* End XCSwiftPackageProductDependency section */
	};
	rootObject = EF9691FA27FF75E000F8B70F /* Project object */;
}
